Microsoft Visual Studio Solution File, Format Version 12.00
# Visual Studio 15
VisualStudioVersion = 15.0.26228.4
MinimumVisualStudioVersion = 10.0.40219.1
Project("{FAE04EC0-301F-11D3-BF4B-00C04F79EFBC}") = "Sitecore.Support.150915", "Sitecore.Support.150915\Sitecore.Support.150915.csproj", "{3A6439C1-C715-49E3-A939-D68FB68FC7AF}"
EndProject
Project("{FAE04EC0-301F-11D3-BF4B-00C04F79EFBC}") = "Sitecore.Support.Tests", "Sitecore.Support.Tests\Sitecore.Support.Tests.csproj", "{A81149FB-AD11-4A96-9A7F-53CD0556741E}"
EndProject
Global
	GlobalSection(SolutionConfigurationPlatforms) = preSolution
		Debug|Any CPU = Debug|Any CPU
		Release|Any CPU = Release|Any CPU
	EndGlobalSection
	GlobalSection(ProjectConfigurationPlatforms) = postSolution
		{3A6439C1-C715-49E3-A939-D68FB68FC7AF}.Debug|Any CPU.ActiveCfg = Debug|Any CPU
		{3A6439C1-C715-49E3-A939-D68FB68FC7AF}.Debug|Any CPU.Build.0 = Debug|Any CPU
		{3A6439C1-C715-49E3-A939-D68FB68FC7AF}.Release|Any CPU.ActiveCfg = Release|Any CPU
		{3A6439C1-C715-49E3-A939-D68FB68FC7AF}.Release|Any CPU.Build.0 = Release|Any CPU
		{A81149FB-AD11-4A96-9A7F-53CD0556741E}.Debug|Any CPU.ActiveCfg = Debug|Any CPU
		{A81149FB-AD11-4A96-9A7F-53CD0556741E}.Debug|Any CPU.Build.0 = Debug|Any CPU
		{A81149FB-AD11-4A96-9A7F-53CD0556741E}.Release|Any CPU.ActiveCfg = Release|Any CPU
		{A81149FB-AD11-4A96-9A7F-53CD0556741E}.Release|Any CPU.Build.0 = Release|Any CPU
	EndGlobalSection
	GlobalSection(SolutionProperties) = preSolution
		HideSolutionNode = FALSE
	EndGlobalSection
EndGlobal
